
Microsoft Visual Studio Solution File, Format Version 12.00
# Visual Studio 15
VisualStudioVersion = 15.0.28010.2026
MinimumVisualStudioVersion = 10.0.40219.1
Project("{FAE04EC0-301F-11D3-BF4B-00C04F79EFBC}") = "cantinaScreenerConsole", "cantinaScreenerConsole\cantinaScreenerConsole.csproj", "{DB213773-D3A5-4A14-844F-1ABE7E92780E}"
EndProject
Project("{FAE04EC0-301F-11D3-BF4B-00C04F79EFBC}") = "screenerTestProject1", "screenerTestProject1\screenerTestProject1.csproj", "{38A35AD2-31DB-4379-B9F4-577743D86710}"
EndProject
Global
	GlobalSection(SolutionConfigurationPlatforms) = preSolution
		Debug|Any CPU = Debug|Any CPU
		Release|Any CPU = Release|Any CPU
	EndGlobalSection
	GlobalSection(ProjectConfigurationPlatforms) = postSolution
		{DB213773-D3A5-4A14-844F-1ABE7E92780E}.Debug|Any CPU.ActiveCfg = Debug|Any CPU
		{DB213773-D3A5-4A14-844F-1ABE7E92780E}.Debug|Any CPU.Build.0 = Debug|Any CPU
		{DB213773-D3A5-4A14-844F-1ABE7E92780E}.Release|Any CPU.ActiveCfg = Release|Any CPU
		{DB213773-D3A5-4A14-844F-1ABE7E92780E}.Release|Any CPU.Build.0 = Release|Any CPU
		{38A35AD2-31DB-4379-B9F4-577743D86710}.Debug|Any CPU.ActiveCfg = Debug|Any CPU
		{38A35AD2-31DB-4379-B9F4-577743D86710}.Debug|Any CPU.Build.0 = Debug|Any CPU
		{38A35AD2-31DB-4379-B9F4-577743D86710}.Release|Any CPU.ActiveCfg = Release|Any CPU
		{38A35AD2-31DB-4379-B9F4-577743D86710}.Release|Any CPU.Build.0 = Release|Any CPU
	EndGlobalSection
	GlobalSection(SolutionProperties) = preSolution
		HideSolutionNode = FALSE
	EndGlobalSection
	GlobalSection(ExtensibilityGlobals) = postSolution
		SolutionGuid = {A11D638D-A568-471B-9110-A2D2D41CE308}
	EndGlobalSection
EndGlobal
